
Microsoft Visual Studio Solution File, Format Version 12.00
# Visual Studio Version 17
VisualStudioVersion = 17.12.35527.113
MinimumVisualStudioVersion = 10.0.40219.1
Project("{FAE04EC0-301F-11D3-BF4B-00C04F79EFBC}") = "GreenwichCommunityTheatre", "GreenwichCommunityTheatre\GreenwichCommunityTheatre.csproj", "{32BE31C3-5999-4CFC-ACB4-6C7463ABF409}"
EndProject
Project("{FAE04EC0-301F-11D3-BF4B-00C04F79EFBC}") = "GreenwichCommunityTheatre.Infrastructure", "GreenwichCommunityTheatre.Infrastructure\GreenwichCommunityTheatre.Infrastructure.csproj", "{2DF2FE0F-83F3-4406-95EC-B09975938F2C}"
EndProject
Project("{FAE04EC0-301F-11D3-BF4B-00C04F79EFBC}") = "GreenwichCommunityTheatre.Domain", "GreenwichCommunityTheatre.Domain\GreenwichCommunityTheatre.Domain.csproj", "{86434243-5A91-408F-A8C2-009E565A2732}"
EndProject
Project("{FAE04EC0-301F-11D3-BF4B-00C04F79EFBC}") = "GreenwichCommunityTheatre.Application", "GreenwichCommunityTheatre.Application\GreenwichCommunityTheatre.Application.csproj", "{3A6FEE61-DC56-4386-ABEB-EE76A141FA4D}"
EndProject
Global
	GlobalSection(SolutionConfigurationPlatforms) = preSolution
		Debug|Any CPU = Debug|Any CPU
		Release|Any CPU = Release|Any CPU
	EndGlobalSection
	GlobalSection(ProjectConfigurationPlatforms) = postSolution
		{32BE31C3-5999-4CFC-ACB4-6C7463ABF409}.Debug|Any CPU.ActiveCfg = Debug|Any CPU
		{32BE31C3-5999-4CFC-ACB4-6C7463ABF409}.Debug|Any CPU.Build.0 = Debug|Any CPU
		{32BE31C3-5999-4CFC-ACB4-6C7463ABF409}.Release|Any CPU.ActiveCfg = Release|Any CPU
		{32BE31C3-5999-4CFC-ACB4-6C7463ABF409}.Release|Any CPU.Build.0 = Release|Any CPU
		{2DF2FE0F-83F3-4406-95EC-B09975938F2C}.Debug|Any CPU.ActiveCfg = Debug|Any CPU
		{2DF2FE0F-83F3-4406-95EC-B09975938F2C}.Debug|Any CPU.Build.0 = Debug|Any CPU
		{2DF2FE0F-83F3-4406-95EC-B09975938F2C}.Release|Any CPU.ActiveCfg = Release|Any CPU
		{2DF2FE0F-83F3-4406-95EC-B09975938F2C}.Release|Any CPU.Build.0 = Release|Any CPU
		{86434243-5A91-408F-A8C2-009E565A2732}.Debug|Any CPU.ActiveCfg = Debug|Any CPU
		{86434243-5A91-408F-A8C2-009E565A2732}.Debug|Any CPU.Build.0 = Debug|Any CPU
		{86434243-5A91-408F-A8C2-009E565A2732}.Release|Any CPU.ActiveCfg = Release|Any CPU
		{86434243-5A91-408F-A8C2-009E565A2732}.Release|Any CPU.Build.0 = Release|Any CPU
		{3A6FEE61-DC56-4386-ABEB-EE76A141FA4D}.Debug|Any CPU.ActiveCfg = Debug|Any CPU
		{3A6FEE61-DC56-4386-ABEB-EE76A141FA4D}.Debug|Any CPU.Build.0 = Debug|Any CPU
		{3A6FEE61-DC56-4386-ABEB-EE76A141FA4D}.Release|Any CPU.ActiveCfg = Release|Any CPU
		{3A6FEE61-DC56-4386-ABEB-EE76A141FA4D}.Release|Any CPU.Build.0 = Release|Any CPU
	EndGlobalSection
	GlobalSection(SolutionProperties) = preSolution
		HideSolutionNode = FALSE
	EndGlobalSection
EndGlobal
